
Microsoft Visual Studio Solution File, Format Version 12.00
# Visual Studio 14
VisualStudioVersion = 14.0.25420.1
MinimumVisualStudioVersion = 10.0.40219.1
Project("{FAE04EC0-301F-11D3-BF4B-00C04F79EFBC}") = "WPCrashForms", "WPCrashForms\WPCrashForms\WPCrashForms.csproj", "{9817660A-54C0-49B7-A025-CC76467245D8}"
EndProject
Project("{FAE04EC0-301F-11D3-BF4B-00C04F79EFBC}") = "WPCrashForms.Droid", "WPCrashForms\WPCrashForms.Droid\WPCrashForms.Droid.csproj", "{EE5F05A3-3DFA-4BBE-9985-C3C79289F7AC}"
EndProject
Project("{FAE04EC0-301F-11D3-BF4B-00C04F79EFBC}") = "WPCrashForms.iOS", "WPCrashForms\WPCrashForms.iOS\WPCrashForms.iOS.csproj", "{CE749F51-020D-47C6-B860-49B1356587D9}"
EndProject
Project("{FAE04EC0-301F-11D3-BF4B-00C04F79EFBC}") = "WPCrashForms.WinPhone", "WPCrashForms\WPCrashForms.WinPhone\WPCrashForms.WinPhone.csproj", "{AF9F1378-65EF-4C37-BDDC-4C17E02E50C0}"
EndProject
Project("{FAE04EC0-301F-11D3-BF4B-00C04F79EFBC}") = "WPCrashForms.Windows", "WPCrashForms\WPCrashForms.Windows\WPCrashForms.Windows.csproj", "{1C64B040-2F28-4C98-B03B-3A4033CA2946}"
EndProject
Global
	GlobalSection(SolutionConfigurationPlatforms) = preSolution
		Ad-Hoc|Any CPU = Ad-Hoc|Any CPU
		Ad-Hoc|ARM = Ad-Hoc|ARM
		Ad-Hoc|iPhone = Ad-Hoc|iPhone
		Ad-Hoc|iPhoneSimulator = Ad-Hoc|iPhoneSimulator
		Ad-Hoc|x64 = Ad-Hoc|x64
		Ad-Hoc|x86 = Ad-Hoc|x86
		AppStore|Any CPU = AppStore|Any CPU
		AppStore|ARM = AppStore|ARM
		AppStore|iPhone = AppStore|iPhone
		AppStore|iPhoneSimulator = AppStore|iPhoneSimulator
		AppStore|x64 = AppStore|x64
		AppStore|x86 = AppStore|x86
		Debug|Any CPU = Debug|Any CPU
		Debug|ARM = Debug|ARM
		Debug|iPhone = Debug|iPhone
		Debug|iPhoneSimulator = Debug|iPhoneSimulator
		Debug|x64 = Debug|x64
		Debug|x86 = Debug|x86
		Release|Any CPU = Release|Any CPU
		Release|ARM = Release|ARM
		Release|iPhone = Release|iPhone
		Release|iPhoneSimulator = Release|iPhoneSimulator
		Release|x64 = Release|x64
		Release|x86 = Release|x86
	EndGlobalSection
	GlobalSection(ProjectConfigurationPlatforms) = postSolution
		{9817660A-54C0-49B7-A025-CC76467245D8}.Ad-Hoc|Any CPU.ActiveCfg = Release|Any CPU
		{9817660A-54C0-49B7-A025-CC76467245D8}.Ad-Hoc|Any CPU.Build.0 = Release|Any CPU
		{9817660A-54C0-49B7-A025-CC76467245D8}.Ad-Hoc|ARM.ActiveCfg = Release|Any CPU
		{9817660A-54C0-49B7-A025-CC76467245D8}.Ad-Hoc|ARM.Build.0 = Release|Any CPU
		{9817660A-54C0-49B7-A025-CC76467245D8}.Ad-Hoc|iPhone.ActiveCfg = Release|Any CPU
		{9817660A-54C0-49B7-A025-CC76467245D8}.Ad-Hoc|iPhone.Build.0 = Release|Any CPU
		{9817660A-54C0-49B7-A025-CC76467245D8}.Ad-Hoc|iPhoneSimulator.ActiveCfg = Release|Any CPU
		{9817660A-54C0-49B7-A025-CC76467245D8}.Ad-Hoc|iPhoneSimulator.Build.0 = Release|Any CPU
		{9817660A-54C0-49B7-A025-CC76467245D8}.Ad-Hoc|x64.ActiveCfg = Release|Any CPU
		{9817660A-54C0-49B7-A025-CC76467245D8}.Ad-Hoc|x64.Build.0 = Release|Any CPU
		{9817660A-54C0-49B7-A025-CC76467245D8}.Ad-Hoc|x86.ActiveCfg = Release|Any CPU
		{9817660A-54C0-49B7-A025-CC76467245D8}.Ad-Hoc|x86.Build.0 = Release|Any CPU
		{9817660A-54C0-49B7-A025-CC76467245D8}.AppStore|Any CPU.ActiveCfg = Release|Any CPU
		{9817660A-54C0-49B7-A025-CC76467245D8}.AppStore|Any CPU.Build.0 = Release|Any CPU
		{9817660A-54C0-49B7-A025-CC76467245D8}.AppStore|ARM.ActiveCfg = Release|Any CPU
		{9817660A-54C0-49B7-A025-CC76467245D8}.AppStore|ARM.Build.0 = Release|Any CPU
		{9817660A-54C0-49B7-A025-CC76467245D8}.AppStore|iPhone.ActiveCfg = Release|Any CPU
		{9817660A-54C0-49B7-A025-CC76467245D8}.AppStore|iPhone.Build.0 = Release|Any CPU
		{9817660A-54C0-49B7-A025-CC76467245D8}.AppStore|iPhoneSimulator.ActiveCfg = Release|Any CPU
		{9817660A-54C0-49B7-A025-CC76467245D8}.AppStore|iPhoneSimulator.Build.0 = Release|Any CPU
		{9817660A-54C0-49B7-A025-CC76467245D8}.AppStore|x64.ActiveCfg = Release|Any CPU
		{9817660A-54C0-49B7-A025-CC76467245D8}.AppStore|x64.Build.0 = Release|Any CPU
		{9817660A-54C0-49B7-A025-CC76467245D8}.AppStore|x86.ActiveCfg = Release|Any CPU
		{9817660A-54C0-49B7-A025-CC76467245D8}.AppStore|x86.Build.0 = Release|Any CPU
		{9817660A-54C0-49B7-A025-CC76467245D8}.Debug|Any CPU.ActiveCfg = Debug|Any CPU
		{9817660A-54C0-49B7-A025-CC76467245D8}.Debug|Any CPU.Build.0 = Debug|Any CPU
		{9817660A-54C0-49B7-A025-CC76467245D8}.Debug|ARM.ActiveCfg = Debug|Any CPU
		{9817660A-54C0-49B7-A025-CC76467245D8}.Debug|ARM.Build.0 = Debug|Any CPU
		{9817660A-54C0-49B7-A025-CC76467245D8}.Debug|iPhone.ActiveCfg = Debug|Any CPU
		{9817660A-54C0-49B7-A025-CC76467245D8}.Debug|iPhone.Build.0 = Debug|Any CPU
		{9817660A-54C0-49B7-A025-CC76467245D8}.Debug|iPhoneSimulator.ActiveCfg = Debug|Any CPU
		{9817660A-54C0-49B7-A025-CC76467245D8}.Debug|iPhoneSimulator.Build.0 = Debug|Any CPU
		{9817660A-54C0-49B7-A025-CC76467245D8}.Debug|x64.ActiveCfg = Debug|Any CPU
		{9817660A-54C0-49B7-A025-CC76467245D8}.Debug|x64.Build.0 = Debug|Any CPU
		{9817660A-54C0-49B7-A025-CC76467245D8}.Debug|x86.ActiveCfg = Debug|Any CPU
		{9817660A-54C0-49B7-A025-CC76467245D8}.Debug|x86.Build.0 = Debug|Any CPU
		{9817660A-54C0-49B7-A025-CC76467245D8}.Release|Any CPU.ActiveCfg = Release|Any CPU
		{9817660A-54C0-49B7-A025-CC76467245D8}.Release|Any CPU.Build.0 = Release|Any CPU
		{9817660A-54C0-49B7-A025-CC76467245D8}.Release|ARM.ActiveCfg = Release|Any CPU
		{9817660A-54C0-49B7-A025-CC76467245D8}.Release|ARM.Build.0 = Release|Any CPU
		{9817660A-54C0-49B7-A025-CC76467245D8}.Release|iPhone.ActiveCfg = Release|Any CPU
		{9817660A-54C0-49B7-A025-CC76467245D8}.Release|iPhone.Build.0 = Release|Any CPU
		{9817660A-54C0-49B7-A025-CC76467245D8}.Release|iPhoneSimulator.ActiveCfg = Release|Any CPU
		{9817660A-54C0-49B7-A025-CC76467245D8}.Release|iPhoneSimulator.Build.0 = Release|Any CPU
		{9817660A-54C0-49B7-A025-CC76467245D8}.Release|x64.ActiveCfg = Release|Any CPU
		{9817660A-54C0-49B7-A025-CC76467245D8}.Release|x64.Build.0 = Release|Any CPU
		{9817660A-54C0-49B7-A025-CC76467245D8}.Release|x86.ActiveCfg = Release|Any CPU
		{9817660A-54C0-49B7-A025-CC76467245D8}.Release|x86.Build.0 = Release|Any CPU
		{EE5F05A3-3DFA-4BBE-9985-C3C79289F7AC}.Ad-Hoc|Any CPU.ActiveCfg = Release|Any CPU
		{EE5F05A3-3DFA-4BBE-9985-C3C79289F7AC}.Ad-Hoc|Any CPU.Build.0 = Release|Any CPU
		{EE5F05A3-3DFA-4BBE-9985-C3C79289F7AC}.Ad-Hoc|Any CPU.Deploy.0 = Release|Any CPU
		{EE5F05A3-3DFA-4BBE-9985-C3C79289F7AC}.Ad-Hoc|ARM.ActiveCfg = Release|Any CPU
		{EE5F05A3-3DFA-4BBE-9985-C3C79289F7AC}.Ad-Hoc|ARM.Build.0 = Release|Any CPU
		{EE5F05A3-3DFA-4BBE-9985-C3C79289F7AC}.Ad-Hoc|ARM.Deploy.0 = Release|Any CPU
		{EE5F05A3-3DFA-4BBE-9985-C3C79289F7AC}.Ad-Hoc|iPhone.ActiveCfg = Release|Any CPU
		{EE5F05A3-3DFA-4BBE-9985-C3C79289F7AC}.Ad-Hoc|iPhone.Build.0 = Release|Any CPU
		{EE5F05A3-3DFA-4BBE-9985-C3C79289F7AC}.Ad-Hoc|iPhone.Deploy.0 = Release|Any CPU
		{EE5F05A3-3DFA-4BBE-9985-C3C79289F7AC}.Ad-Hoc|iPhoneSimulator.ActiveCfg = Release|Any CPU
		{EE5F05A3-3DFA-4BBE-9985-C3C79289F7AC}.Ad-Hoc|iPhoneSimulator.Build.0 = Release|Any CPU
		{EE5F05A3-3DFA-4BBE-9985-C3C79289F7AC}.Ad-Hoc|iPhoneSimulator.Deploy.0 = Release|Any CPU
		{EE5F05A3-3DFA-4BBE-9985-C3C79289F7AC}.Ad-Hoc|x64.ActiveCfg = Release|Any CPU
		{EE5F05A3-3DFA-4BBE-9985-C3C79289F7AC}.Ad-Hoc|x64.Build.0 = Release|Any CPU
		{EE5F05A3-3DFA-4BBE-9985-C3C79289F7AC}.Ad-Hoc|x64.Deploy.0 = Release|Any CPU
		{EE5F05A3-3DFA-4BBE-9985-C3C79289F7AC}.Ad-Hoc|x86.ActiveCfg = Release|Any CPU
		{EE5F05A3-3DFA-4BBE-9985-C3C79289F7AC}.Ad-Hoc|x86.Build.0 = Release|Any CPU
		{EE5F05A3-3DFA-4BBE-9985-C3C79289F7AC}.Ad-Hoc|x86.Deploy.0 = Release|Any CPU
		{EE5F05A3-3DFA-4BBE-9985-C3C79289F7AC}.AppStore|Any CPU.ActiveCfg = Release|Any CPU
		{EE5F05A3-3DFA-4BBE-9985-C3C79289F7AC}.AppStore|Any CPU.Build.0 = Release|Any CPU
		{EE5F05A3-3DFA-4BBE-9985-C3C79289F7AC}.AppStore|Any CPU.Deploy.0 = Release|Any CPU
		{EE5F05A3-3DFA-4BBE-9985-C3C79289F7AC}.AppStore|ARM.ActiveCfg = Release|Any CPU
		{EE5F05A3-3DFA-4BBE-9985-C3C79289F7AC}.AppStore|ARM.Build.0 = Release|Any CPU
		{EE5F05A3-3DFA-4BBE-9985-C3C79289F7AC}.AppStore|ARM.Deploy.0 = Release|Any CPU
		{EE5F05A3-3DFA-4BBE-9985-C3C79289F7AC}.AppStore|iPhone.ActiveCfg = Release|Any CPU
		{EE5F05A3-3DFA-4BBE-9985-C3C79289F7AC}.AppStore|iPhone.Build.0 = Release|Any CPU
		{EE5F05A3-3DFA-4BBE-9985-C3C79289F7AC}.AppStore|iPhone.Deploy.0 = Release|Any CPU
		{EE5F05A3-3DFA-4BBE-9985-C3C79289F7AC}.AppStore|iPhoneSimulator.ActiveCfg = Release|Any CPU
		{EE5F05A3-3DFA-4BBE-9985-C3C79289F7AC}.AppStore|iPhoneSimulator.Build.0 = Release|Any CPU
		{EE5F05A3-3DFA-4BBE-9985-C3C79289F7AC}.AppStore|iPhoneSimulator.Deploy.0 = Release|Any CPU
		{EE5F05A3-3DFA-4BBE-9985-C3C79289F7AC}.AppStore|x64.ActiveCfg = Release|Any CPU
		{EE5F05A3-3DFA-4BBE-9985-C3C79289F7AC}.AppStore|x64.Build.0 = Release|Any CPU
		{EE5F05A3-3DFA-4BBE-9985-C3C79289F7AC}.AppStore|x64.Deploy.0 = Release|Any CPU
		{EE5F05A3-3DFA-4BBE-9985-C3C79289F7AC}.AppStore|x86.ActiveCfg = Release|Any CPU
		{EE5F05A3-3DFA-4BBE-9985-C3C79289F7AC}.AppStore|x86.Build.0 = Release|Any CPU
		{EE5F05A3-3DFA-4BBE-9985-C3C79289F7AC}.AppStore|x86.Deploy.0 = Release|Any CPU
		{EE5F05A3-3DFA-4BBE-9985-C3C79289F7AC}.Debug|Any CPU.ActiveCfg = Debug|Any CPU
		{EE5F05A3-3DFA-4BBE-9985-C3C79289F7AC}.Debug|Any CPU.Build.0 = Debug|Any CPU
		{EE5F05A3-3DFA-4BBE-9985-C3C79289F7AC}.Debug|Any CPU.Deploy.0 = Debug|Any CPU
		{EE5F05A3-3DFA-4BBE-9985-C3C79289F7AC}.Debug|ARM.ActiveCfg = Debug|Any CPU
		{EE5F05A3-3DFA-4BBE-9985-C3C79289F7AC}.Debug|ARM.Build.0 = Debug|Any CPU
		{EE5F05A3-3DFA-4BBE-9985-C3C79289F7AC}.Debug|ARM.Deploy.0 = Debug|Any CPU
		{EE5F05A3-3DFA-4BBE-9985-C3C79289F7AC}.Debug|iPhone.ActiveCfg = Debug|Any CPU
		{EE5F05A3-3DFA-4BBE-9985-C3C79289F7AC}.Debug|iPhone.Build.0 = Debug|Any CPU
		{EE5F05A3-3DFA-4BBE-9985-C3C79289F7AC}.Debug|iPhone.Deploy.0 = Debug|Any CPU
		{EE5F05A3-3DFA-4BBE-9985-C3C79289F7AC}.Debug|iPhoneSimulator.ActiveCfg = Debug|Any CPU
		{EE5F05A3-3DFA-4BBE-9985-C3C79289F7AC}.Debug|iPhoneSimulator.Build.0 = Debug|Any CPU
		{EE5F05A3-3DFA-4BBE-9985-C3C79289F7AC}.Debug|iPhoneSimulator.Deploy.0 = Debug|Any CPU
		{EE5F05A3-3DFA-4BBE-9985-C3C79289F7AC}.Debug|x64.ActiveCfg = Debug|Any CPU
		{EE5F05A3-3DFA-4BBE-9985-C3C79289F7AC}.Debug|x64.Build.0 = Debug|Any CPU
		{EE5F05A3-3DFA-4BBE-9985-C3C79289F7AC}.Debug|x64.Deploy.0 = Debug|Any CPU
		{EE5F05A3-3DFA-4BBE-9985-C3C79289F7AC}.Debug|x86.ActiveCfg = Debug|Any CPU
		{EE5F05A3-3DFA-4BBE-9985-C3C79289F7AC}.Debug|x86.Build.0 = Debug|Any CPU
		{EE5F05A3-3DFA-4BBE-9985-C3C79289F7AC}.Debug|x86.Deploy.0 = Debug|Any CPU
		{EE5F05A3-3DFA-4BBE-9985-C3C79289F7AC}.Release|Any CPU.ActiveCfg = Release|Any CPU
		{EE5F05A3-3DFA-4BBE-9985-C3C79289F7AC}.Release|Any CPU.Build.0 = Release|Any CPU
		{EE5F05A3-3DFA-4BBE-9985-C3C79289F7AC}.Release|Any CPU.Deploy.0 = Release|Any CPU
		{EE5F05A3-3DFA-4BBE-9985-C3C79289F7AC}.Release|ARM.ActiveCfg = Release|Any CPU
		{EE5F05A3-3DFA-4BBE-9985-C3C79289F7AC}.Release|ARM.Build.0 = Release|Any CPU
		{EE5F05A3-3DFA-4BBE-9985-C3C79289F7AC}.Release|ARM.Deploy.0 = Release|Any CPU
		{EE5F05A3-3DFA-4BBE-9985-C3C79289F7AC}.Release|iPhone.ActiveCfg = Release|Any CPU
		{EE5F05A3-3DFA-4BBE-9985-C3C79289F7AC}.Release|iPhone.Build.0 = Release|Any CPU
		{EE5F05A3-3DFA-4BBE-9985-C3C79289F7AC}.Release|iPhone.Deploy.0 = Release|Any CPU
		{EE5F05A3-3DFA-4BBE-9985-C3C79289F7AC}.Release|iPhoneSimulator.ActiveCfg = Release|Any CPU
		{EE5F05A3-3DFA-4BBE-9985-C3C79289F7AC}.Release|iPhoneSimulator.Build.0 = Release|Any CPU
		{EE5F05A3-3DFA-4BBE-9985-C3C79289F7AC}.Release|iPhoneSimulator.Deploy.0 = Release|Any CPU
		{EE5F05A3-3DFA-4BBE-9985-C3C79289F7AC}.Release|x64.ActiveCfg = Release|Any CPU
		{EE5F05A3-3DFA-4BBE-9985-C3C79289F7AC}.Release|x64.Build.0 = Release|Any CPU
		{EE5F05A3-3DFA-4BBE-9985-C3C79289F7AC}.Release|x64.Deploy.0 = Release|Any CPU
		{EE5F05A3-3DFA-4BBE-9985-C3C79289F7AC}.Release|x86.ActiveCfg = Release|Any CPU
		{EE5F05A3-3DFA-4BBE-9985-C3C79289F7AC}.Release|x86.Build.0 = Release|Any CPU
		{EE5F05A3-3DFA-4BBE-9985-C3C79289F7AC}.Release|x86.Deploy.0 = Release|Any CPU
		{CE749F51-020D-47C6-B860-49B1356587D9}.Ad-Hoc|Any CPU.ActiveCfg = Ad-Hoc|iPhone
		{CE749F51-020D-47C6-B860-49B1356587D9}.Ad-Hoc|ARM.ActiveCfg = Ad-Hoc|iPhone
		{CE749F51-020D-47C6-B860-49B1356587D9}.Ad-Hoc|iPhone.ActiveCfg = Ad-Hoc|iPhone
		{CE749F51-020D-47C6-B860-49B1356587D9}.Ad-Hoc|iPhone.Build.0 = Ad-Hoc|iPhone
		{CE749F51-020D-47C6-B860-49B1356587D9}.Ad-Hoc|iPhoneSimulator.ActiveCfg = Ad-Hoc|iPhoneSimulator
		{CE749F51-020D-47C6-B860-49B1356587D9}.Ad-Hoc|iPhoneSimulator.Build.0 = Ad-Hoc|iPhoneSimulator
		{CE749F51-020D-47C6-B860-49B1356587D9}.Ad-Hoc|x64.ActiveCfg = Ad-Hoc|iPhone
		{CE749F51-020D-47C6-B860-49B1356587D9}.Ad-Hoc|x86.ActiveCfg = Ad-Hoc|iPhone
		{CE749F51-020D-47C6-B860-49B1356587D9}.AppStore|Any CPU.ActiveCfg = AppStore|iPhone
		{CE749F51-020D-47C6-B860-49B1356587D9}.AppStore|ARM.ActiveCfg = AppStore|iPhone
		{CE749F51-020D-47C6-B860-49B1356587D9}.AppStore|iPhone.ActiveCfg = AppStore|iPhone
		{CE749F51-020D-47C6-B860-49B1356587D9}.AppStore|iPhone.Build.0 = AppStore|iPhone
		{CE749F51-020D-47C6-B860-49B1356587D9}.AppStore|iPhoneSimulator.ActiveCfg = AppStore|iPhoneSimulator
		{CE749F51-020D-47C6-B860-49B1356587D9}.AppStore|iPhoneSimulator.Build.0 = AppStore|iPhoneSimulator
		{CE749F51-020D-47C6-B860-49B1356587D9}.AppStore|x64.ActiveCfg = AppStore|iPhone
		{CE749F51-020D-47C6-B860-49B1356587D9}.AppStore|x86.ActiveCfg = AppStore|iPhone
		{CE749F51-020D-47C6-B860-49B1356587D9}.Debug|Any CPU.ActiveCfg = Debug|iPhone
		{CE749F51-020D-47C6-B860-49B1356587D9}.Debug|ARM.ActiveCfg = Debug|iPhone
		{CE749F51-020D-47C6-B860-49B1356587D9}.Debug|iPhone.ActiveCfg = Debug|iPhone
		{CE749F51-020D-47C6-B860-49B1356587D9}.Debug|iPhone.Build.0 = Debug|iPhone
		{CE749F51-020D-47C6-B860-49B1356587D9}.Debug|iPhoneSimulator.ActiveCfg = Debug|iPhoneSimulator
		{CE749F51-020D-47C6-B860-49B1356587D9}.Debug|iPhoneSimulator.Build.0 = Debug|iPhoneSimulator
		{CE749F51-020D-47C6-B860-49B1356587D9}.Debug|x64.ActiveCfg = Debug|iPhone
		{CE749F51-020D-47C6-B860-49B1356587D9}.Debug|x86.ActiveCfg = Debug|iPhone
		{CE749F51-020D-47C6-B860-49B1356587D9}.Release|Any CPU.ActiveCfg = Release|iPhone
		{CE749F51-020D-47C6-B860-49B1356587D9}.Release|ARM.ActiveCfg = Release|iPhone
		{CE749F51-020D-47C6-B860-49B1356587D9}.Release|iPhone.ActiveCfg = Release|iPhone
		{CE749F51-020D-47C6-B860-49B1356587D9}.Release|iPhone.Build.0 = Release|iPhone
		{CE749F51-020D-47C6-B860-49B1356587D9}.Release|iPhoneSimulator.ActiveCfg = Release|iPhoneSimulator
		{CE749F51-020D-47C6-B860-49B1356587D9}.Release|iPhoneSimulator.Build.0 = Release|iPhoneSimulator
		{CE749F51-020D-47C6-B860-49B1356587D9}.Release|x64.ActiveCfg = Release|iPhone
		{CE749F51-020D-47C6-B860-49B1356587D9}.Release|x86.ActiveCfg = Release|iPhone
		{AF9F1378-65EF-4C37-BDDC-4C17E02E50C0}.Ad-Hoc|Any CPU.ActiveCfg = Release|Any CPU
		{AF9F1378-65EF-4C37-BDDC-4C17E02E50C0}.Ad-Hoc|Any CPU.Build.0 = Release|Any CPU
		{AF9F1378-65EF-4C37-BDDC-4C17E02E50C0}.Ad-Hoc|Any CPU.Deploy.0 = Release|Any CPU
		{AF9F1378-65EF-4C37-BDDC-4C17E02E50C0}.Ad-Hoc|ARM.ActiveCfg = Release|ARM
		{AF9F1378-65EF-4C37-BDDC-4C17E02E50C0}.Ad-Hoc|ARM.Build.0 = Release|ARM
		{AF9F1378-65EF-4C37-BDDC-4C17E02E50C0}.Ad-Hoc|ARM.Deploy.0 = Release|ARM
		{AF9F1378-65EF-4C37-BDDC-4C17E02E50C0}.Ad-Hoc|iPhone.ActiveCfg = Release|Any CPU
		{AF9F1378-65EF-4C37-BDDC-4C17E02E50C0}.Ad-Hoc|iPhone.Build.0 = Release|Any CPU
		{AF9F1378-65EF-4C37-BDDC-4C17E02E50C0}.Ad-Hoc|iPhone.Deploy.0 = Release|Any CPU
		{AF9F1378-65EF-4C37-BDDC-4C17E02E50C0}.Ad-Hoc|iPhoneSimulator.ActiveCfg = Release|Any CPU
		{AF9F1378-65EF-4C37-BDDC-4C17E02E50C0}.Ad-Hoc|iPhoneSimulator.Build.0 = Release|Any CPU
		{AF9F1378-65EF-4C37-BDDC-4C17E02E50C0}.Ad-Hoc|iPhoneSimulator.Deploy.0 = Release|Any CPU
		{AF9F1378-65EF-4C37-BDDC-4C17E02E50C0}.Ad-Hoc|x64.ActiveCfg = Release|Any CPU
		{AF9F1378-65EF-4C37-BDDC-4C17E02E50C0}.Ad-Hoc|x64.Build.0 = Release|Any CPU
		{AF9F1378-65EF-4C37-BDDC-4C17E02E50C0}.Ad-Hoc|x64.Deploy.0 = Release|Any CPU
		{AF9F1378-65EF-4C37-BDDC-4C17E02E50C0}.Ad-Hoc|x86.ActiveCfg = Release|x86
		{AF9F1378-65EF-4C37-BDDC-4C17E02E50C0}.Ad-Hoc|x86.Build.0 = Release|x86
		{AF9F1378-65EF-4C37-BDDC-4C17E02E50C0}.Ad-Hoc|x86.Deploy.0 = Release|x86
		{AF9F1378-65EF-4C37-BDDC-4C17E02E50C0}.AppStore|Any CPU.ActiveCfg = Release|Any CPU
		{AF9F1378-65EF-4C37-BDDC-4C17E02E50C0}.AppStore|Any CPU.Build.0 = Release|Any CPU
		{AF9F1378-65EF-4C37-BDDC-4C17E02E50C0}.AppStore|Any CPU.Deploy.0 = Release|Any CPU
		{AF9F1378-65EF-4C37-BDDC-4C17E02E50C0}.AppStore|ARM.ActiveCfg = Release|ARM
		{AF9F1378-65EF-4C37-BDDC-4C17E02E50C0}.AppStore|ARM.Build.0 = Release|ARM
		{AF9F1378-65EF-4C37-BDDC-4C17E02E50C0}.AppStore|ARM.Deploy.0 = Release|ARM
		{AF9F1378-65EF-4C37-BDDC-4C17E02E50C0}.AppStore|iPhone.ActiveCfg = Release|Any CPU
		{AF9F1378-65EF-4C37-BDDC-4C17E02E50C0}.AppStore|iPhone.Build.0 = Release|Any CPU
		{AF9F1378-65EF-4C37-BDDC-4C17E02E50C0}.AppStore|iPhone.Deploy.0 = Release|Any CPU
		{AF9F1378-65EF-4C37-BDDC-4C17E02E50C0}.AppStore|iPhoneSimulator.ActiveCfg = Release|Any CPU
		{AF9F1378-65EF-4C37-BDDC-4C17E02E50C0}.AppStore|iPhoneSimulator.Build.0 = Release|Any CPU
		{AF9F1378-65EF-4C37-BDDC-4C17E02E50C0}.AppStore|iPhoneSimulator.Deploy.0 = Release|Any CPU
		{AF9F1378-65EF-4C37-BDDC-4C17E02E50C0}.AppStore|x64.ActiveCfg = Release|Any CPU
		{AF9F1378-65EF-4C37-BDDC-4C17E02E50C0}.AppStore|x64.Build.0 = Release|Any CPU
		{AF9F1378-65EF-4C37-BDDC-4C17E02E50C0}.AppStore|x64.Deploy.0 = Release|Any CPU
		{AF9F1378-65EF-4C37-BDDC-4C17E02E50C0}.AppStore|x86.ActiveCfg = Release|x86
		{AF9F1378-65EF-4C37-BDDC-4C17E02E50C0}.AppStore|x86.Build.0 = Release|x86
		{AF9F1378-65EF-4C37-BDDC-4C17E02E50C0}.AppStore|x86.Deploy.0 = Release|x86
		{AF9F1378-65EF-4C37-BDDC-4C17E02E50C0}.Debug|Any CPU.ActiveCfg = Debug|Any CPU
		{AF9F1378-65EF-4C37-BDDC-4C17E02E50C0}.Debug|Any CPU.Build.0 = Debug|Any CPU
		{AF9F1378-65EF-4C37-BDDC-4C17E02E50C0}.Debug|Any CPU.Deploy.0 = Debug|Any CPU
		{AF9F1378-65EF-4C37-BDDC-4C17E02E50C0}.Debug|ARM.ActiveCfg = Debug|ARM
		{AF9F1378-65EF-4C37-BDDC-4C17E02E50C0}.Debug|ARM.Build.0 = Debug|ARM
		{AF9F1378-65EF-4C37-BDDC-4C17E02E50C0}.Debug|ARM.Deploy.0 = Debug|ARM
		{AF9F1378-65EF-4C37-BDDC-4C17E02E50C0}.Debug|iPhone.ActiveCfg = Debug|Any CPU
		{AF9F1378-65EF-4C37-BDDC-4C17E02E50C0}.Debug|iPhone.Build.0 = Debug|Any CPU
		{AF9F1378-65EF-4C37-BDDC-4C17E02E50C0}.Debug|iPhone.Deploy.0 = Debug|Any CPU
		{AF9F1378-65EF-4C37-BDDC-4C17E02E50C0}.Debug|iPhoneSimulator.ActiveCfg = Debug|Any CPU
		{AF9F1378-65EF-4C37-BDDC-4C17E02E50C0}.Debug|iPhoneSimulator.Build.0 = Debug|Any CPU
		{AF9F1378-65EF-4C37-BDDC-4C17E02E50C0}.Debug|iPhoneSimulator.Deploy.0 = Debug|Any CPU
		{AF9F1378-65EF-4C37-BDDC-4C17E02E50C0}.Debug|x64.ActiveCfg = Debug|Any CPU
		{AF9F1378-65EF-4C37-BDDC-4C17E02E50C0}.Debug|x64.Build.0 = Debug|Any CPU
		{AF9F1378-65EF-4C37-BDDC-4C17E02E50C0}.Debug|x64.Deploy.0 = Debug|Any CPU
		{AF9F1378-65EF-4C37-BDDC-4C17E02E50C0}.Debug|x86.ActiveCfg = Debug|x86
		{AF9F1378-65EF-4C37-BDDC-4C17E02E50C0}.Debug|x86.Build.0 = Debug|x86
		{AF9F1378-65EF-4C37-BDDC-4C17E02E50C0}.Debug|x86.Deploy.0 = Debug|x86
		{AF9F1378-65EF-4C37-BDDC-4C17E02E50C0}.Release|Any CPU.ActiveCfg = Release|Any CPU
		{AF9F1378-65EF-4C37-BDDC-4C17E02E50C0}.Release|Any CPU.Build.0 = Release|Any CPU
		{AF9F1378-65EF-4C37-BDDC-4C17E02E50C0}.Release|Any CPU.Deploy.0 = Release|Any CPU
		{AF9F1378-65EF-4C37-BDDC-4C17E02E50C0}.Release|ARM.ActiveCfg = Release|ARM
		{AF9F1378-65EF-4C37-BDDC-4C17E02E50C0}.Release|ARM.Build.0 = Release|ARM
		{AF9F1378-65EF-4C37-BDDC-4C17E02E50C0}.Release|ARM.Deploy.0 = Release|ARM
		{AF9F1378-65EF-4C37-BDDC-4C17E02E50C0}.Release|iPhone.ActiveCfg = Release|Any CPU
		{AF9F1378-65EF-4C37-BDDC-4C17E02E50C0}.Release|iPhone.Build.0 = Release|Any CPU
		{AF9F1378-65EF-4C37-BDDC-4C17E02E50C0}.Release|iPhone.Deploy.0 = Release|Any CPU
		{AF9F1378-65EF-4C37-BDDC-4C17E02E50C0}.Release|iPhoneSimulator.ActiveCfg = Release|Any CPU
		{AF9F1378-65EF-4C37-BDDC-4C17E02E50C0}.Release|iPhoneSimulator.Build.0 = Release|Any CPU
		{AF9F1378-65EF-4C37-BDDC-4C17E02E50C0}.Release|iPhoneSimulator.Deploy.0 = Release|Any CPU
		{AF9F1378-65EF-4C37-BDDC-4C17E02E50C0}.Release|x64.ActiveCfg = Release|Any CPU
		{AF9F1378-65EF-4C37-BDDC-4C17E02E50C0}.Release|x64.Build.0 = Release|Any CPU
		{AF9F1378-65EF-4C37-BDDC-4C17E02E50C0}.Release|x64.Deploy.0 = Release|Any CPU
		{AF9F1378-65EF-4C37-BDDC-4C17E02E50C0}.Release|x86.ActiveCfg = Release|x86
		{AF9F1378-65EF-4C37-BDDC-4C17E02E50C0}.Release|x86.Build.0 = Release|x86
		{AF9F1378-65EF-4C37-BDDC-4C17E02E50C0}.Release|x86.Deploy.0 = Release|x86
		{1C64B040-2F28-4C98-B03B-3A4033CA2946}.Ad-Hoc|Any CPU.ActiveCfg = Release|Any CPU
		{1C64B040-2F28-4C98-B03B-3A4033CA2946}.Ad-Hoc|Any CPU.Build.0 = Release|Any CPU
		{1C64B040-2F28-4C98-B03B-3A4033CA2946}.Ad-Hoc|Any CPU.Deploy.0 = Release|Any CPU
		{1C64B040-2F28-4C98-B03B-3A4033CA2946}.Ad-Hoc|ARM.ActiveCfg = Release|ARM
		{1C64B040-2F28-4C98-B03B-3A4033CA2946}.Ad-Hoc|ARM.Build.0 = Release|ARM
		{1C64B040-2F28-4C98-B03B-3A4033CA2946}.Ad-Hoc|ARM.Deploy.0 = Release|ARM
		{1C64B040-2F28-4C98-B03B-3A4033CA2946}.Ad-Hoc|iPhone.ActiveCfg = Release|Any CPU
		{1C64B040-2F28-4C98-B03B-3A4033CA2946}.Ad-Hoc|iPhone.Build.0 = Release|Any CPU
		{1C64B040-2F28-4C98-B03B-3A4033CA2946}.Ad-Hoc|iPhone.Deploy.0 = Release|Any CPU
		{1C64B040-2F28-4C98-B03B-3A4033CA2946}.Ad-Hoc|iPhoneSimulator.ActiveCfg = Release|Any CPU
		{1C64B040-2F28-4C98-B03B-3A4033CA2946}.Ad-Hoc|iPhoneSimulator.Build.0 = Release|Any CPU
		{1C64B040-2F28-4C98-B03B-3A4033CA2946}.Ad-Hoc|iPhoneSimulator.Deploy.0 = Release|Any CPU
		{1C64B040-2F28-4C98-B03B-3A4033CA2946}.Ad-Hoc|x64.ActiveCfg = Release|x64
		{1C64B040-2F28-4C98-B03B-3A4033CA2946}.Ad-Hoc|x64.Build.0 = Release|x64
		{1C64B040-2F28-4C98-B03B-3A4033CA2946}.Ad-Hoc|x64.Deploy.0 = Release|x64
		{1C64B040-2F28-4C98-B03B-3A4033CA2946}.Ad-Hoc|x86.ActiveCfg = Release|x86
		{1C64B040-2F28-4C98-B03B-3A4033CA2946}.Ad-Hoc|x86.Build.0 = Release|x86
		{1C64B040-2F28-4C98-B03B-3A4033CA2946}.Ad-Hoc|x86.Deploy.0 = Release|x86
		{1C64B040-2F28-4C98-B03B-3A4033CA2946}.AppStore|Any CPU.ActiveCfg = Release|Any CPU
		{1C64B040-2F28-4C98-B03B-3A4033CA2946}.AppStore|Any CPU.Build.0 = Release|Any CPU
		{1C64B040-2F28-4C98-B03B-3A4033CA2946}.AppStore|Any CPU.Deploy.0 = Release|Any CPU
		{1C64B040-2F28-4C98-B03B-3A4033CA2946}.AppStore|ARM.ActiveCfg = Release|ARM
		{1C64B040-2F28-4C98-B03B-3A4033CA2946}.AppStore|ARM.Build.0 = Release|ARM
		{1C64B040-2F28-4C98-B03B-3A4033CA2946}.AppStore|ARM.Deploy.0 = Release|ARM
		{1C64B040-2F28-4C98-B03B-3A4033CA2946}.AppStore|iPhone.ActiveCfg = Release|Any CPU
		{1C64B040-2F28-4C98-B03B-3A4033CA2946}.AppStore|iPhone.Build.0 = Release|Any CPU
		{1C64B040-2F28-4C98-B03B-3A4033CA2946}.AppStore|iPhone.Deploy.0 = Release|Any CPU
		{1C64B040-2F28-4C98-B03B-3A4033CA2946}.AppStore|iPhoneSimulator.ActiveCfg = Release|Any CPU
		{1C64B040-2F28-4C98-B03B-3A4033CA2946}.AppStore|iPhoneSimulator.Build.0 = Release|Any CPU
		{1C64B040-2F28-4C98-B03B-3A4033CA2946}.AppStore|iPhoneSimulator.Deploy.0 = Release|Any CPU
		{1C64B040-2F28-4C98-B03B-3A4033CA2946}.AppStore|x64.ActiveCfg = Release|x64
		{1C64B040-2F28-4C98-B03B-3A4033CA2946}.AppStore|x64.Build.0 = Release|x64
		{1C64B040-2F28-4C98-B03B-3A4033CA2946}.AppStore|x64.Deploy.0 = Release|x64
		{1C64B040-2F28-4C98-B03B-3A4033CA2946}.AppStore|x86.ActiveCfg = Release|x86
		{1C64B040-2F28-4C98-B03B-3A4033CA2946}.AppStore|x86.Build.0 = Release|x86
		{1C64B040-2F28-4C98-B03B-3A4033CA2946}.AppStore|x86.Deploy.0 = Release|x86
		{1C64B040-2F28-4C98-B03B-3A4033CA2946}.Debug|Any CPU.ActiveCfg = Debug|Any CPU
		{1C64B040-2F28-4C98-B03B-3A4033CA2946}.Debug|Any CPU.Build.0 = Debug|Any CPU
		{1C64B040-2F28-4C98-B03B-3A4033CA2946}.Debug|Any CPU.Deploy.0 = Debug|Any CPU
		{1C64B040-2F28-4C98-B03B-3A4033CA2946}.Debug|ARM.ActiveCfg = Debug|ARM
		{1C64B040-2F28-4C98-B03B-3A4033CA2946}.Debug|ARM.Build.0 = Debug|ARM
		{1C64B040-2F28-4C98-B03B-3A4033CA2946}.Debug|ARM.Deploy.0 = Debug|ARM
		{1C64B040-2F28-4C98-B03B-3A4033CA2946}.Debug|iPhone.ActiveCfg = Debug|Any CPU
		{1C64B040-2F28-4C98-B03B-3A4033CA2946}.Debug|iPhone.Build.0 = Debug|Any CPU
		{1C64B040-2F28-4C98-B03B-3A4033CA2946}.Debug|iPhone.Deploy.0 = Debug|Any CPU
		{1C64B040-2F28-4C98-B03B-3A4033CA2946}.Debug|iPhoneSimulator.ActiveCfg = Debug|Any CPU
		{1C64B040-2F28-4C98-B03B-3A4033CA2946}.Debug|iPhoneSimulator.Build.0 = Debug|Any CPU
		{1C64B040-2F28-4C98-B03B-3A4033CA2946}.Debug|iPhoneSimulator.Deploy.0 = Debug|Any CPU
		{1C64B040-2F28-4C98-B03B-3A4033CA2946}.Debug|x64.ActiveCfg = Debug|x64
		{1C64B040-2F28-4C98-B03B-3A4033CA2946}.Debug|x64.Build.0 = Debug|x64
		{1C64B040-2F28-4C98-B03B-3A4033CA2946}.Debug|x64.Deploy.0 = Debug|x64
		{1C64B040-2F28-4C98-B03B-3A4033CA2946}.Debug|x86.ActiveCfg = Debug|x86
		{1C64B040-2F28-4C98-B03B-3A4033CA2946}.Debug|x86.Build.0 = Debug|x86
		{1C64B040-2F28-4C98-B03B-3A4033CA2946}.Debug|x86.Deploy.0 = Debug|x86
		{1C64B040-2F28-4C98-B03B-3A4033CA2946}.Release|Any CPU.ActiveCfg = Release|Any CPU
		{1C64B040-2F28-4C98-B03B-3A4033CA2946}.Release|Any CPU.Build.0 = Release|Any CPU
		{1C64B040-2F28-4C98-B03B-3A4033CA2946}.Release|Any CPU.Deploy.0 = Release|Any CPU
		{1C64B040-2F28-4C98-B03B-3A4033CA2946}.Release|ARM.ActiveCfg = Release|ARM
		{1C64B040-2F28-4C98-B03B-3A4033CA2946}.Release|ARM.Build.0 = Release|ARM
		{1C64B040-2F28-4C98-B03B-3A4033CA2946}.Release|ARM.Deploy.0 = Release|ARM
		{1C64B040-2F28-4C98-B03B-3A4033CA2946}.Release|iPhone.ActiveCfg = Release|Any CPU
		{1C64B040-2F28-4C98-B03B-3A4033CA2946}.Release|iPhone.Build.0 = Release|Any CPU
		{1C64B040-2F28-4C98-B03B-3A4033CA2946}.Release|iPhone.Deploy.0 = Release|Any CPU
		{1C64B040-2F28-4C98-B03B-3A4033CA2946}.Release|iPhoneSimulator.ActiveCfg = Release|Any CPU
		{1C64B040-2F28-4C98-B03B-3A4033CA2946}.Release|iPhoneSimulator.Build.0 = Release|Any CPU
		{1C64B040-2F28-4C98-B03B-3A4033CA2946}.Release|iPhoneSimulator.Deploy.0 = Release|Any CPU
		{1C64B040-2F28-4C98-B03B-3A4033CA2946}.Release|x64.ActiveCfg = Release|x64
		{1C64B040-2F28-4C98-B03B-3A4033CA2946}.Release|x64.Build.0 = Release|x64
		{1C64B040-2F28-4C98-B03B-3A4033CA2946}.Release|x64.Deploy.0 = Release|x64
		{1C64B040-2F28-4C98-B03B-3A4033CA2946}.Release|x86.ActiveCfg = Release|x86
		{1C64B040-2F28-4C98-B03B-3A4033CA2946}.Release|x86.Build.0 = Release|x86
		{1C64B040-2F28-4C98-B03B-3A4033CA2946}.Release|x86.Deploy.0 = Release|x86
	EndGlobalSection
	GlobalSection(SolutionProperties) = preSolution
		HideSolutionNode = FALSE
	EndGlobalSection
EndGlobal
